// !$*UTF8*$!
{
	archiveVersion = 1;
	classes = {
	};
	objectVersion = 51;
	objects = {

/* Begin PBXBuildFile section */
		0D05F682242FF6B30059EA52 /* RootCollectionViewCell.swift in Sources */ = {isa = PBXBuildFile; fileRef = 0D05F681242FF6B30059EA52 /* RootCollectionViewCell.swift */; };
		0D05F68A243009B80059EA52 /* Localized.strings in Resources */ = {isa = PBXBuildFile; fileRef = 0D05F68C243009B80059EA52 /* Localized.strings */; };
		0D2E63DA242FA6370070205C /* NetworkError.swift in Sources */ = {isa = PBXBuildFile; fileRef = 0D2E63D9242FA6370070205C /* NetworkError.swift */; };
		0D2E63ED242FA9200070205C /* AppFonts.swift in Sources */ = {isa = PBXBuildFile; fileRef = 0D2E63EC242FA9200070205C /* AppFonts.swift */; };
		0D2E63F1242FAB820070205C /* Place.swift in Sources */ = {isa = PBXBuildFile; fileRef = 0D2E63F0242FAB820070205C /* Place.swift */; };
		0D2E63F3242FAE1A0070205C /* PlaceListViewController.swift in Sources */ = {isa = PBXBuildFile; fileRef = 0D2E63F2242FAE1A0070205C /* PlaceListViewController.swift */; };
		0D2E63F5242FAE310070205C /* PlaceListViewModelProtocol.swift in Sources */ = {isa = PBXBuildFile; fileRef = 0D2E63F4242FAE310070205C /* PlaceListViewModelProtocol.swift */; };
		0D2E63F7242FAE3B0070205C /* PlaceListViewModel.swift in Sources */ = {isa = PBXBuildFile; fileRef = 0D2E63F6242FAE3B0070205C /* PlaceListViewModel.swift */; };
		0D2E63FA242FAEE30070205C /* PlaceListItemViewModelProtocol.swift in Sources */ = {isa = PBXBuildFile; fileRef = 0D2E63F9242FAEE30070205C /* PlaceListItemViewModelProtocol.swift */; };
		0D2E63FC242FAEF20070205C /* PlaceListItemViewModel.swift in Sources */ = {isa = PBXBuildFile; fileRef = 0D2E63FB242FAEF20070205C /* PlaceListItemViewModel.swift */; };
		0D2E63FE242FAF0D0070205C /* PlaceListItemCollectionViewCell.swift in Sources */ = {isa = PBXBuildFile; fileRef = 0D2E63FD242FAF0D0070205C /* PlaceListItemCollectionViewCell.swift */; };
		0D2E6401242FB1140070205C /* PlaceDetailsViewController.swift in Sources */ = {isa = PBXBuildFile; fileRef = 0D2E6400242FB1140070205C /* PlaceDetailsViewController.swift */; };
		0D2E6403242FB1210070205C /* PlaceDetailsViewModelProtocol.swift in Sources */ = {isa = PBXBuildFile; fileRef = 0D2E6402242FB1210070205C /* PlaceDetailsViewModelProtocol.swift */; };
		0D2E6405242FB12A0070205C /* PlaceDetailsViewModel.swift in Sources */ = {isa = PBXBuildFile; fileRef = 0D2E6404242FB12A0070205C /* PlaceDetailsViewModel.swift */; };
		0D2E6408242FB2810070205C /* DependencyInjection.swift in Sources */ = {isa = PBXBuildFile; fileRef = 0D2E6407242FB2810070205C /* DependencyInjection.swift */; };
		0D2E640A242FB5AD0070205C /* PlaceListViewControllerProtocol.swift in Sources */ = {isa = PBXBuildFile; fileRef = 0D2E6409242FB5AD0070205C /* PlaceListViewControllerProtocol.swift */; };
		0D2E640C242FB60C0070205C /* PlaceDetailsViewControllerProtocol.swift in Sources */ = {isa = PBXBuildFile; fileRef = 0D2E640B242FB60C0070205C /* PlaceDetailsViewControllerProtocol.swift */; };
		0D311831242F657E00D81FC7 /* AppColors.swift in Sources */ = {isa = PBXBuildFile; fileRef = 0D311830242F657E00D81FC7 /* AppColors.swift */; };
		0D31183D242F663100D81FC7 /* PrimitiveSequence+Exts.swift in Sources */ = {isa = PBXBuildFile; fileRef = 0D311833242F663100D81FC7 /* PrimitiveSequence+Exts.swift */; };
		0D31183E242F663100D81FC7 /* UIView+Exts.swift in Sources */ = {isa = PBXBuildFile; fileRef = 0D311834242F663100D81FC7 /* UIView+Exts.swift */; };
		0D31183F242F663100D81FC7 /* Reachability+Exts.swift in Sources */ = {isa = PBXBuildFile; fileRef = 0D311835242F663100D81FC7 /* Reachability+Exts.swift */; };
		0D311840242F663100D81FC7 /* String+Exts.swift in Sources */ = {isa = PBXBuildFile; fileRef = 0D311836242F663100D81FC7 /* String+Exts.swift */; };
		0D311841242F663100D81FC7 /* CAGradientLayer+Exts.swift in Sources */ = {isa = PBXBuildFile; fileRef = 0D311837242F663100D81FC7 /* CAGradientLayer+Exts.swift */; };
		0D311842242F663100D81FC7 /* Int+Exts.swift in Sources */ = {isa = PBXBuildFile; fileRef = 0D311838242F663100D81FC7 /* Int+Exts.swift */; };
		0D311843242F663100D81FC7 /* Double+Exts.swift in Sources */ = {isa = PBXBuildFile; fileRef = 0D311839242F663100D81FC7 /* Double+Exts.swift */; };
		0D311844242F663100D81FC7 /* UIColor+Exts.swift in Sources */ = {isa = PBXBuildFile; fileRef = 0D31183A242F663100D81FC7 /* UIColor+Exts.swift */; };
		0D311845242F663100D81FC7 /* CGFloat+Exts.swift in Sources */ = {isa = PBXBuildFile; fileRef = 0D31183B242F663100D81FC7 /* CGFloat+Exts.swift */; };
		0D311846242F663100D81FC7 /* NumberFormatter+Exts.swift in Sources */ = {isa = PBXBuildFile; fileRef = 0D31183C242F663100D81FC7 /* NumberFormatter+Exts.swift */; };
		0D31184A242F668000D81FC7 /* Logger.swift in Sources */ = {isa = PBXBuildFile; fileRef = 0D311848242F668000D81FC7 /* Logger.swift */; };
		0D31184B242F668000D81FC7 /* ReusableView.swift in Sources */ = {isa = PBXBuildFile; fileRef = 0D311849242F668000D81FC7 /* ReusableView.swift */; };
		0D311852242F66E500D81FC7 /* RootTableViewCell.swift in Sources */ = {isa = PBXBuildFile; fileRef = 0D31184D242F66E500D81FC7 /* RootTableViewCell.swift */; };
		0D311853242F66E500D81FC7 /* RootViewControllerProtocol.swift in Sources */ = {isa = PBXBuildFile; fileRef = 0D31184E242F66E500D81FC7 /* RootViewControllerProtocol.swift */; };
		0D311854242F66E500D81FC7 /* RootViewModel.swift in Sources */ = {isa = PBXBuildFile; fileRef = 0D31184F242F66E500D81FC7 /* RootViewModel.swift */; };
		0D311855242F66E500D81FC7 /* RootViewModelProtocol.swift in Sources */ = {isa = PBXBuildFile; fileRef = 0D311850242F66E500D81FC7 /* RootViewModelProtocol.swift */; };
		0D311856242F66E500D81FC7 /* RootViewController.swift in Sources */ = {isa = PBXBuildFile; fileRef = 0D311851242F66E500D81FC7 /* RootViewController.swift */; };
		0D3AC2B62430C13300853AD8 /* SectionHeaderViewModelProtocol.swift in Sources */ = {isa = PBXBuildFile; fileRef = 0D3AC2B52430C13300853AD8 /* SectionHeaderViewModelProtocol.swift */; };
		0D3AC2B82430C14B00853AD8 /* SectionHeaderViewModel.swift in Sources */ = {isa = PBXBuildFile; fileRef = 0D3AC2B72430C14B00853AD8 /* SectionHeaderViewModel.swift */; };
		0D3AC2BA2430C1B400853AD8 /* SectionHeaderView.swift in Sources */ = {isa = PBXBuildFile; fileRef = 0D3AC2B92430C1B400853AD8 /* SectionHeaderView.swift */; };
		0D3AC2BE2430E8D800853AD8 /* RootInputModelProtocol.swift in Sources */ = {isa = PBXBuildFile; fileRef = 0D3AC2BD2430E8D800853AD8 /* RootInputModelProtocol.swift */; };
		0D3AC2C22430ED5F00853AD8 /* SectionHeaderInputModelProtocol.swift in Sources */ = {isa = PBXBuildFile; fileRef = 0D3AC2C12430ED5F00853AD8 /* SectionHeaderInputModelProtocol.swift */; };
		0D3AC2C42430ED8900853AD8 /* SectionHeaderInputModel.swift in Sources */ = {isa = PBXBuildFile; fileRef = 0D3AC2C32430ED8900853AD8 /* SectionHeaderInputModel.swift */; };
		0D3AC2C62430F48100853AD8 /* PlaceListItemInputModel.swift in Sources */ = {isa = PBXBuildFile; fileRef = 0D3AC2C52430F48100853AD8 /* PlaceListItemInputModel.swift */; };
		0D3AC2C82430F49000853AD8 /* PlaceListItemInputModelProtocol.swift in Sources */ = {isa = PBXBuildFile; fileRef = 0D3AC2C72430F49000853AD8 /* PlaceListItemInputModelProtocol.swift */; };
		0D3AC2C92431F02A00853AD8 /* Objektiv-Mk2-W03-Bold.ttf in Resources */ = {isa = PBXBuildFile; fileRef = 0D2E63E9242FA8DF0070205C /* Objektiv-Mk2-W03-Bold.ttf */; };
		0D3AC2CA2431F02E00853AD8 /* Objektiv-Mk2-W03-Regular.ttf in Resources */ = {isa = PBXBuildFile; fileRef = 0D2E63E8242FA8DF0070205C /* Objektiv-Mk2-W03-Regular.ttf */; };
		0DE8B802242F53C6008B9C4C /* AppDelegate.swift in Sources */ = {isa = PBXBuildFile; fileRef = 0DE8B801242F53C6008B9C4C /* AppDelegate.swift */; };
		0DE8B804242F53C6008B9C4C /* SceneDelegate.swift in Sources */ = {isa = PBXBuildFile; fileRef = 0DE8B803242F53C6008B9C4C /* SceneDelegate.swift */; };
		0DE8B80B242F53C7008B9C4C /* Assets.xcassets in Resources */ = {isa = PBXBuildFile; fileRef = 0DE8B80A242F53C7008B9C4C /* Assets.xcassets */; };
		0DE8B80E242F53C7008B9C4C /* LaunchScreen.storyboard in Resources */ = {isa = PBXBuildFile; fileRef = 0DE8B80C242F53C7008B9C4C /* LaunchScreen.storyboard */; };
		0DE8B819242F53C8008B9C4C /* MondriaanPlacesTests.swift in Sources */ = {isa = PBXBuildFile; fileRef = 0DE8B818242F53C8008B9C4C /* MondriaanPlacesTests.swift */; };
		681D7A35FF6676F13BF19841 /* Pods_MondriaanPlaces.framework in Frameworks */ = {isa = PBXBuildFile; fileRef = 6BA78AB64381B296EAFFE1B8 /* Pods_MondriaanPlaces.framework */; };
/* End PBXBuildFile section */

/* Begin PBXContainerItemProxy section */
		0DE8B815242F53C8008B9C4C /* PBXContainerItemProxy */ = {
			isa = PBXContainerItemProxy;
			containerPortal = 0DE8B7F6242F53C6008B9C4C /* Project object */;
			proxyType = 1;
			remoteGlobalIDString = 0DE8B7FD242F53C6008B9C4C;
			remoteInfo = MondriaanPlaces;
		};
/* End PBXContainerItemProxy section */

/* Begin PBXFileReference section */
		0D05F681242FF6B30059EA52 /* RootCollectionViewCell.swift */ = {isa = PBXFileReference; lastKnownFileType = sourcecode.swift; path = RootCollectionViewCell.swift; sourceTree = "<group>"; };
		0D05F68B243009B80059EA52 /* en */ = {isa = PBXFileReference; lastKnownFileType = text.plist.strings; name = en; path = en.lproj/Localized.strings; sourceTree = "<group>"; };
		0D05F68D243009BB0059EA52 /* hu */ = {isa = PBXFileReference; lastKnownFileType = text.plist.strings; name = hu; path = hu.lproj/Localized.strings; sourceTree = "<group>"; };
		0D2E63D9242FA6370070205C /* NetworkError.swift */ = {isa = PBXFileReference; lastKnownFileType = sourcecode.swift; path = NetworkError.swift; sourceTree = "<group>"; };
		0D2E63E8242FA8DF0070205C /* Objektiv-Mk2-W03-Regular.ttf */ = {isa = PBXFileReference; lastKnownFileType = file; path = "Objektiv-Mk2-W03-Regular.ttf"; sourceTree = "<group>"; };
		0D2E63E9242FA8DF0070205C /* Objektiv-Mk2-W03-Bold.ttf */ = {isa = PBXFileReference; lastKnownFileType = file; path = "Objektiv-Mk2-W03-Bold.ttf"; sourceTree = "<group>"; };
		0D2E63EC242FA9200070205C /* AppFonts.swift */ = {isa = PBXFileReference; lastKnownFileType = sourcecode.swift; path = AppFonts.swift; sourceTree = "<group>"; };
		0D2E63F0242FAB820070205C /* Place.swift */ = {isa = PBXFileReference; lastKnownFileType = sourcecode.swift; path = Place.swift; sourceTree = "<group>"; };
		0D2E63F2242FAE1A0070205C /* PlaceListViewController.swift */ = {isa = PBXFileReference; lastKnownFileType = sourcecode.swift; path = PlaceListViewController.swift; sourceTree = "<group>"; };
		0D2E63F4242FAE310070205C /* PlaceListViewModelProtocol.swift */ = {isa = PBXFileReference; lastKnownFileType = sourcecode.swift; path = PlaceListViewModelProtocol.swift; sourceTree = "<group>"; };
		0D2E63F6242FAE3B0070205C /* PlaceListViewModel.swift */ = {isa = PBXFileReference; lastKnownFileType = sourcecode.swift; path = PlaceListViewModel.swift; sourceTree = "<group>"; };
		0D2E63F9242FAEE30070205C /* PlaceListItemViewModelProtocol.swift */ = {isa = PBXFileReference; lastKnownFileType = sourcecode.swift; path = PlaceListItemViewModelProtocol.swift; sourceTree = "<group>"; };
		0D2E63FB242FAEF20070205C /* PlaceListItemViewModel.swift */ = {isa = PBXFileReference; lastKnownFileType = sourcecode.swift; path = PlaceListItemViewModel.swift; sourceTree = "<group>"; };
		0D2E63FD242FAF0D0070205C /* PlaceListItemCollectionViewCell.swift */ = {isa = PBXFileReference; lastKnownFileType = sourcecode.swift; path = PlaceListItemCollectionViewCell.swift; sourceTree = "<group>"; };
		0D2E6400242FB1140070205C /* PlaceDetailsViewController.swift */ = {isa = PBXFileReference; lastKnownFileType = sourcecode.swift; path = PlaceDetailsViewController.swift; sourceTree = "<group>"; };
		0D2E6402242FB1210070205C /* PlaceDetailsViewModelProtocol.swift */ = {isa = PBXFileReference; lastKnownFileType = sourcecode.swift; path = PlaceDetailsViewModelProtocol.swift; sourceTree = "<group>"; };
		0D2E6404242FB12A0070205C /* PlaceDetailsViewModel.swift */ = {isa = PBXFileReference; lastKnownFileType = sourcecode.swift; path = PlaceDetailsViewModel.swift; sourceTree = "<group>"; };
		0D2E6407242FB2810070205C /* DependencyInjection.swift */ = {isa = PBXFileReference; lastKnownFileType = sourcecode.swift; path = DependencyInjection.swift; sourceTree = "<group>"; };
		0D2E6409242FB5AD0070205C /* PlaceListViewControllerProtocol.swift */ = {isa = PBXFileReference; lastKnownFileType = sourcecode.swift; path = PlaceListViewControllerProtocol.swift; sourceTree = "<group>"; };
		0D2E640B242FB60C0070205C /* PlaceDetailsViewControllerProtocol.swift */ = {isa = PBXFileReference; lastKnownFileType = sourcecode.swift; path = PlaceDetailsViewControllerProtocol.swift; sourceTree = "<group>"; };
		0D311830242F657E00D81FC7 /* AppColors.swift */ = {isa = PBXFileReference; lastKnownFileType = sourcecode.swift; path = AppColors.swift; sourceTree = "<group>"; };
		0D311833242F663100D81FC7 /* PrimitiveSequence+Exts.swift */ = {isa = PBXFileReference; fileEncoding = 4; lastKnownFileType = sourcecode.swift; path = "PrimitiveSequence+Exts.swift"; sourceTree = "<group>"; };
		0D311834242F663100D81FC7 /* UIView+Exts.swift */ = {isa = PBXFileReference; fileEncoding = 4; lastKnownFileType = sourcecode.swift; path = "UIView+Exts.swift"; sourceTree = "<group>"; };
		0D311835242F663100D81FC7 /* Reachability+Exts.swift */ = {isa = PBXFileReference; fileEncoding = 4; lastKnownFileType = sourcecode.swift; path = "Reachability+Exts.swift"; sourceTree = "<group>"; };
		0D311836242F663100D81FC7 /* String+Exts.swift */ = {isa = PBXFileReference; fileEncoding = 4; lastKnownFileType = sourcecode.swift; path = "String+Exts.swift"; sourceTree = "<group>"; };
		0D311837242F663100D81FC7 /* CAGradientLayer+Exts.swift */ = {isa = PBXFileReference; fileEncoding = 4; lastKnownFileType = sourcecode.swift; path = "CAGradientLayer+Exts.swift"; sourceTree = "<group>"; };
		0D311838242F663100D81FC7 /* Int+Exts.swift */ = {isa = PBXFileReference; fileEncoding = 4; lastKnownFileType = sourcecode.swift; path = "Int+Exts.swift"; sourceTree = "<group>"; };
		0D311839242F663100D81FC7 /* Double+Exts.swift */ = {isa = PBXFileReference; fileEncoding = 4; lastKnownFileType = sourcecode.swift; path = "Double+Exts.swift"; sourceTree = "<group>"; };
		0D31183A242F663100D81FC7 /* UIColor+Exts.swift */ = {isa = PBXFileReference; fileEncoding = 4; lastKnownFileType = sourcecode.swift; path = "UIColor+Exts.swift"; sourceTree = "<group>"; };
		0D31183B242F663100D81FC7 /* CGFloat+Exts.swift */ = {isa = PBXFileReference; fileEncoding = 4; lastKnownFileType = sourcecode.swift; path = "CGFloat+Exts.swift"; sourceTree = "<group>"; };
		0D31183C242F663100D81FC7 /* NumberFormatter+Exts.swift */ = {isa = PBXFileReference; fileEncoding = 4; lastKnownFileType = sourcecode.swift; path = "NumberFormatter+Exts.swift"; sourceTree = "<group>"; };
		0D311848242F668000D81FC7 /* Logger.swift */ = {isa = PBXFileReference; fileEncoding = 4; lastKnownFileType = sourcecode.swift; path = Logger.swift; sourceTree = "<group>"; };
		0D311849242F668000D81FC7 /* ReusableView.swift */ = {isa = PBXFileReference; fileEncoding = 4; lastKnownFileType = sourcecode.swift; path = ReusableView.swift; sourceTree = "<group>"; };
		0D31184D242F66E500D81FC7 /* RootTableViewCell.swift */ = {isa = PBXFileReference; fileEncoding = 4; lastKnownFileType = sourcecode.swift; path = RootTableViewCell.swift; sourceTree = "<group>"; };
		0D31184E242F66E500D81FC7 /* RootViewControllerProtocol.swift */ = {isa = PBXFileReference; fileEncoding = 4; lastKnownFileType = sourcecode.swift; path = RootViewControllerProtocol.swift; sourceTree = "<group>"; };
		0D31184F242F66E500D81FC7 /* RootViewModel.swift */ = {isa = PBXFileReference; fileEncoding = 4; lastKnownFileType = sourcecode.swift; path = RootViewModel.swift; sourceTree = "<group>"; };
		0D311850242F66E500D81FC7 /* RootViewModelProtocol.swift */ = {isa = PBXFileReference; fileEncoding = 4; lastKnownFileType = sourcecode.swift; path = RootViewModelProtocol.swift; sourceTree = "<group>"; };
		0D311851242F66E500D81FC7 /* RootViewController.swift */ = {isa = PBXFileReference; fileEncoding = 4; lastKnownFileType = sourcecode.swift; path = RootViewController.swift; sourceTree = "<group>"; };
		0D3AC2B52430C13300853AD8 /* SectionHeaderViewModelProtocol.swift */ = {isa = PBXFileReference; lastKnownFileType = sourcecode.swift; path = SectionHeaderViewModelProtocol.swift; sourceTree = "<group>"; };
		0D3AC2B72430C14B00853AD8 /* SectionHeaderViewModel.swift */ = {isa = PBXFileReference; lastKnownFileType = sourcecode.swift; path = SectionHeaderViewModel.swift; sourceTree = "<group>"; };
		0D3AC2B92430C1B400853AD8 /* SectionHeaderView.swift */ = {isa = PBXFileReference; lastKnownFileType = sourcecode.swift; path = SectionHeaderView.swift; sourceTree = "<group>"; };
		0D3AC2BD2430E8D800853AD8 /* RootInputModelProtocol.swift */ = {isa = PBXFileReference; lastKnownFileType = sourcecode.swift; path = RootInputModelProtocol.swift; sourceTree = "<group>"; };
		0D3AC2C12430ED5F00853AD8 /* SectionHeaderInputModelProtocol.swift */ = {isa = PBXFileReference; lastKnownFileType = sourcecode.swift; path = SectionHeaderInputModelProtocol.swift; sourceTree = "<group>"; };
		0D3AC2C32430ED8900853AD8 /* SectionHeaderInputModel.swift */ = {isa = PBXFileReference; lastKnownFileType = sourcecode.swift; path = SectionHeaderInputModel.swift; sourceTree = "<group>"; };
		0D3AC2C52430F48100853AD8 /* PlaceListItemInputModel.swift */ = {isa = PBXFileReference; lastKnownFileType = sourcecode.swift; path = PlaceListItemInputModel.swift; sourceTree = "<group>"; };
		0D3AC2C72430F49000853AD8 /* PlaceListItemInputModelProtocol.swift */ = {isa = PBXFileReference; lastKnownFileType = sourcecode.swift; path = PlaceListItemInputModelProtocol.swift; sourceTree = "<group>"; };
		0DAD0CC9242F5C7F001F76D3 /* hu */ = {isa = PBXFileReference; lastKnownFileType = text.plist.strings; name = hu; path = hu.lproj/LaunchScreen.strings; sourceTree = "<group>"; };
		0DE8B7FE242F53C6008B9C4C /* MondriaanPlaces.app */ = {isa = PBXFileReference; explicitFileType = wrapper.application; includeInIndex = 0; path = MondriaanPlaces.app; sourceTree = BUILT_PRODUCTS_DIR; };
		0DE8B801242F53C6008B9C4C /* AppDelegate.swift */ = {isa = PBXFileReference; lastKnownFileType = sourcecode.swift; path = AppDelegate.swift; sourceTree = "<group>"; };
		0DE8B803242F53C6008B9C4C /* SceneDelegate.swift */ = {isa = PBXFileReference; lastKnownFileType = sourcecode.swift; path = SceneDelegate.swift; sourceTree = "<group>"; };
		0DE8B80A242F53C7008B9C4C /* Assets.xcassets */ = {isa = PBXFileReference; lastKnownFileType = folder.assetcatalog; path = Assets.xcassets; sourceTree = "<group>"; };
		0DE8B80D242F53C7008B9C4C /* Base */ = {isa = PBXFileReference; lastKnownFileType = file.storyboard; name = Base; path = Base.lproj/LaunchScreen.storyboard; sourceTree = "<group>"; };
		0DE8B80F242F53C7008B9C4C /* Info.plist */ = {isa = PBXFileReference; lastKnownFileType = text.plist.xml; path = Info.plist; sourceTree = "<group>"; };
		0DE8B814242F53C8008B9C4C /* MondriaanPlacesTests.xctest */ = {isa = PBXFileReference; explicitFileType = wrapper.cfbundle; includeInIndex = 0; path = MondriaanPlacesTests.xctest; sourceTree = BUILT_PRODUCTS_DIR; };
		0DE8B818242F53C8008B9C4C /* MondriaanPlacesTests.swift */ = {isa = PBXFileReference; lastKnownFileType = sourcecode.swift; path = MondriaanPlacesTests.swift; sourceTree = "<group>"; };
		0DE8B81A242F53C8008B9C4C /* Info.plist */ = {isa = PBXFileReference; lastKnownFileType = text.plist.xml; path = Info.plist; sourceTree = "<group>"; };
		5C9582ED666BF8F626A9D5A4 /* Pods-MondriaanPlaces.dev.xcconfig */ = {isa = PBXFileReference; includeInIndex = 1; lastKnownFileType = text.xcconfig; name = "Pods-MondriaanPlaces.dev.xcconfig"; path = "Target Support Files/Pods-MondriaanPlaces/Pods-MondriaanPlaces.dev.xcconfig"; sourceTree = "<group>"; };
		6BA78AB64381B296EAFFE1B8 /* Pods_MondriaanPlaces.framework */ = {isa = PBXFileReference; explicitFileType = wrapper.framework; includeInIndex = 0; path = Pods_MondriaanPlaces.framework; sourceTree = BUILT_PRODUCTS_DIR; };
		92D39E38E772220A0058831B /* Pods-MondriaanPlaces.hungarian.xcconfig */ = {isa = PBXFileReference; includeInIndex = 1; lastKnownFileType = text.xcconfig; name = "Pods-MondriaanPlaces.hungarian.xcconfig"; path = "Target Support Files/Pods-MondriaanPlaces/Pods-MondriaanPlaces.hungarian.xcconfig"; sourceTree = "<group>"; };
		C4D791D2E254A302536E40C7 /* Pods-MondriaanPlaces.english.xcconfig */ = {isa = PBXFileReference; includeInIndex = 1; lastKnownFileType = text.xcconfig; name = "Pods-MondriaanPlaces.english.xcconfig"; path = "Target Support Files/Pods-MondriaanPlaces/Pods-MondriaanPlaces.english.xcconfig"; sourceTree = "<group>"; };
/* End PBXFileReference section */

/* Begin PBXFrameworksBuildPhase section */
		0DE8B7FB242F53C6008B9C4C /* Frameworks */ = {
			isa = PBXFrameworksBuildPhase;
			buildActionMask = 2147483647;
			files = (
				681D7A35FF6676F13BF19841 /* Pods_MondriaanPlaces.framework in Frameworks */,
			);
			runOnlyForDeploymentPostprocessing = 0;
		};
		0DE8B811242F53C8008B9C4C /* Frameworks */ = {
			isa = PBXFrameworksBuildPhase;
			buildActionMask = 2147483647;
			files = (
			);
			runOnlyForDeploymentPostprocessing = 0;
		};
/* End PBXFrameworksBuildPhase section */

/* Begin PBXGroup section */
		0D05F687243009920059EA52 /* Strings */ = {
			isa = PBXGroup;
			children = (
				0D05F68C243009B80059EA52 /* Localized.strings */,
			);
			path = Strings;
			sourceTree = "<group>";
		};
		0D2E63E6242FA8BF0070205C /* Images */ = {
			isa = PBXGroup;
			children = (
				0DE8B80C242F53C7008B9C4C /* LaunchScreen.storyboard */,
				0DE8B80A242F53C7008B9C4C /* Assets.xcassets */,
			);
			path = Images;
			sourceTree = "<group>";
		};
		0D2E63E7242FA8C80070205C /* Fonts */ = {
			isa = PBXGroup;
			children = (
				0D2E63E9242FA8DF0070205C /* Objektiv-Mk2-W03-Bold.ttf */,
				0D2E63E8242FA8DF0070205C /* Objektiv-Mk2-W03-Regular.ttf */,
			);
			path = Fonts;
			sourceTree = "<group>";
		};
		0D2E63EE242FAB550070205C /* PlaceList */ = {
			isa = PBXGroup;
			children = (
				0D3AC2B42430C10E00853AD8 /* SectionHeader */,
				0D2E63F8242FAECD0070205C /* PlaceListItem */,
				0D2E6409242FB5AD0070205C /* PlaceListViewControllerProtocol.swift */,
				0D2E63F2242FAE1A0070205C /* PlaceListViewController.swift */,
				0D2E63F4242FAE310070205C /* PlaceListViewModelProtocol.swift */,
				0D2E63F6242FAE3B0070205C /* PlaceListViewModel.swift */,
			);
			path = PlaceList;
			sourceTree = "<group>";
		};
		0D2E63EF242FAB740070205C /* Entities */ = {
			isa = PBXGroup;
			children = (
				0D2E63F0242FAB820070205C /* Place.swift */,
			);
			path = Entities;
			sourceTree = "<group>";
		};
		0D2E63F8242FAECD0070205C /* PlaceListItem */ = {
			isa = PBXGroup;
			children = (
				0D2E63FD242FAF0D0070205C /* PlaceListItemCollectionViewCell.swift */,
				0D2E63F9242FAEE30070205C /* PlaceListItemViewModelProtocol.swift */,
				0D2E63FB242FAEF20070205C /* PlaceListItemViewModel.swift */,
				0D3AC2C72430F49000853AD8 /* PlaceListItemInputModelProtocol.swift */,
				0D3AC2C52430F48100853AD8 /* PlaceListItemInputModel.swift */,
			);
			path = PlaceListItem;
			sourceTree = "<group>";
		};
		0D2E63FF242FB0F60070205C /* PlaceDetails */ = {
			isa = PBXGroup;
			children = (
				0D2E640B242FB60C0070205C /* PlaceDetailsViewControllerProtocol.swift */,
				0D2E6400242FB1140070205C /* PlaceDetailsViewController.swift */,
				0D2E6402242FB1210070205C /* PlaceDetailsViewModelProtocol.swift */,
				0D2E6404242FB12A0070205C /* PlaceDetailsViewModel.swift */,
			);
			path = PlaceDetails;
			sourceTree = "<group>";
		};
		0D2E6406242FB2630070205C /* DependencyInjection */ = {
			isa = PBXGroup;
			children = (
				0D2E6407242FB2810070205C /* DependencyInjection.swift */,
			);
			path = DependencyInjection;
			sourceTree = "<group>";
		};
		0D31182F242F654E00D81FC7 /* LayoutConfigurations */ = {
			isa = PBXGroup;
			children = (
				0D311830242F657E00D81FC7 /* AppColors.swift */,
				0D2E63EC242FA9200070205C /* AppFonts.swift */,
			);
			path = LayoutConfigurations;
			sourceTree = "<group>";
		};
		0D311832242F65DF00D81FC7 /* Extensions */ = {
			isa = PBXGroup;
			children = (
				0D311837242F663100D81FC7 /* CAGradientLayer+Exts.swift */,
				0D31183B242F663100D81FC7 /* CGFloat+Exts.swift */,
				0D311839242F663100D81FC7 /* Double+Exts.swift */,
				0D311838242F663100D81FC7 /* Int+Exts.swift */,
				0D31183C242F663100D81FC7 /* NumberFormatter+Exts.swift */,
				0D311833242F663100D81FC7 /* PrimitiveSequence+Exts.swift */,
				0D311835242F663100D81FC7 /* Reachability+Exts.swift */,
				0D311836242F663100D81FC7 /* String+Exts.swift */,
				0D31183A242F663100D81FC7 /* UIColor+Exts.swift */,
				0D311834242F663100D81FC7 /* UIView+Exts.swift */,
			);
			path = Extensions;
			sourceTree = "<group>";
		};
		0D311847242F666600D81FC7 /* Utility */ = {
			isa = PBXGroup;
			children = (
				0D311848242F668000D81FC7 /* Logger.swift */,
				0D2E63D9242FA6370070205C /* NetworkError.swift */,
				0D311849242F668000D81FC7 /* ReusableView.swift */,
			);
			path = Utility;
			sourceTree = "<group>";
		};
		0D31184C242F66D000D81FC7 /* Architecture */ = {
			isa = PBXGroup;
			children = (
				0D05F681242FF6B30059EA52 /* RootCollectionViewCell.swift */,
				0D31184D242F66E500D81FC7 /* RootTableViewCell.swift */,
				0D31184E242F66E500D81FC7 /* RootViewControllerProtocol.swift */,
				0D311851242F66E500D81FC7 /* RootViewController.swift */,
				0D311850242F66E500D81FC7 /* RootViewModelProtocol.swift */,
				0D31184F242F66E500D81FC7 /* RootViewModel.swift */,
				0D3AC2BD2430E8D800853AD8 /* RootInputModelProtocol.swift */,
			);
			path = Architecture;
			sourceTree = "<group>";
		};
		0D3AC2B42430C10E00853AD8 /* SectionHeader */ = {
			isa = PBXGroup;
			children = (
				0D3AC2B92430C1B400853AD8 /* SectionHeaderView.swift */,
				0D3AC2B52430C13300853AD8 /* SectionHeaderViewModelProtocol.swift */,
				0D3AC2B72430C14B00853AD8 /* SectionHeaderViewModel.swift */,
				0D3AC2C12430ED5F00853AD8 /* SectionHeaderInputModelProtocol.swift */,
				0D3AC2C32430ED8900853AD8 /* SectionHeaderInputModel.swift */,
			);
			path = SectionHeader;
			sourceTree = "<group>";
		};
		0DE8B7F5242F53C6008B9C4C = {
			isa = PBXGroup;
			children = (
				0DE8B800242F53C6008B9C4C /* MondriaanPlaces */,
				0DE8B817242F53C8008B9C4C /* MondriaanPlacesTests */,
				0DE8B7FF242F53C6008B9C4C /* Products */,
				DBACDC0EE4684E58FBB8272A /* Pods */,
				781BE4C172DBEBD196AEA3AC /* Frameworks */,
			);
			sourceTree = "<group>";
		};
		0DE8B7FF242F53C6008B9C4C /* Products */ = {
			isa = PBXGroup;
			children = (
				0DE8B7FE242F53C6008B9C4C /* MondriaanPlaces.app */,
				0DE8B814242F53C8008B9C4C /* MondriaanPlacesTests.xctest */,
			);
			name = Products;
			sourceTree = "<group>";
		};
		0DE8B800242F53C6008B9C4C /* MondriaanPlaces */ = {
			isa = PBXGroup;
			children = (
				0DE8B80F242F53C7008B9C4C /* Info.plist */,
				0DE8B827242F5624008B9C4C /* Main */,
				0DE8B824242F5400008B9C4C /* AppModules */,
				0DE8B823242F53F8008B9C4C /* CoreModules */,
				0DE8B828242F563A008B9C4C /* Resources */,
			);
			path = MondriaanPlaces;
			sourceTree = "<group>";
		};
		0DE8B817242F53C8008B9C4C /* MondriaanPlacesTests */ = {
			isa = PBXGroup;
			children = (
				0DE8B818242F53C8008B9C4C /* MondriaanPlacesTests.swift */,
				0DE8B81A242F53C8008B9C4C /* Info.plist */,
			);
			path = MondriaanPlacesTests;
			sourceTree = "<group>";
		};
		0DE8B823242F53F8008B9C4C /* CoreModules */ = {
			isa = PBXGroup;
			children = (
				0D31184C242F66D000D81FC7 /* Architecture */,
				0D311832242F65DF00D81FC7 /* Extensions */,
				0D311847242F666600D81FC7 /* Utility */,
			);
			path = CoreModules;
			sourceTree = "<group>";
		};
		0DE8B824242F5400008B9C4C /* AppModules */ = {
			isa = PBXGroup;
			children = (
				0D2E63EE242FAB550070205C /* PlaceList */,
				0D2E63FF242FB0F60070205C /* PlaceDetails */,
				0DE8B825242F5407008B9C4C /* MondriaanPlacesCore */,
			);
			path = AppModules;
			sourceTree = "<group>";
		};
		0DE8B825242F5407008B9C4C /* MondriaanPlacesCore */ = {
			isa = PBXGroup;
			children = (
				0D2E6406242FB2630070205C /* DependencyInjection */,
				0D2E63EF242FAB740070205C /* Entities */,
				0D31182F242F654E00D81FC7 /* LayoutConfigurations */,
			);
			path = MondriaanPlacesCore;
			sourceTree = "<group>";
		};
		0DE8B827242F5624008B9C4C /* Main */ = {
			isa = PBXGroup;
			children = (
				0DE8B801242F53C6008B9C4C /* AppDelegate.swift */,
				0DE8B803242F53C6008B9C4C /* SceneDelegate.swift */,
			);
			path = Main;
			sourceTree = "<group>";
		};
		0DE8B828242F563A008B9C4C /* Resources */ = {
			isa = PBXGroup;
			children = (
				0D2E63E7242FA8C80070205C /* Fonts */,
				0D2E63E6242FA8BF0070205C /* Images */,
				0D05F687243009920059EA52 /* Strings */,
			);
			path = Resources;
			sourceTree = "<group>";
		};
		781BE4C172DBEBD196AEA3AC /* Frameworks */ = {
			isa = PBXGroup;
			children = (
				6BA78AB64381B296EAFFE1B8 /* Pods_MondriaanPlaces.framework */,
			);
			name = Frameworks;
			sourceTree = "<group>";
		};
		DBACDC0EE4684E58FBB8272A /* Pods */ = {
			isa = PBXGroup;
			children = (
				5C9582ED666BF8F626A9D5A4 /* Pods-MondriaanPlaces.dev.xcconfig */,
				C4D791D2E254A302536E40C7 /* Pods-MondriaanPlaces.english.xcconfig */,
				92D39E38E772220A0058831B /* Pods-MondriaanPlaces.hungarian.xcconfig */,
			);
			path = Pods;
			sourceTree = "<group>";
		};
/* End PBXGroup section */

/* Begin PBXNativeTarget section */
		0DE8B7FD242F53C6008B9C4C /* MondriaanPlaces */ = {
			isa = PBXNativeTarget;
			buildConfigurationList = 0DE8B81D242F53C8008B9C4C /* Build configuration list for PBXNativeTarget "MondriaanPlaces" */;
			buildPhases = (
				7DF77C841EF7611E8056D7EA /* [CP] Check Pods Manifest.lock */,
				0DE8B826242F54CC008B9C4C /* Linter */,
				0DE8B7FA242F53C6008B9C4C /* Sources */,
				0DE8B7FB242F53C6008B9C4C /* Frameworks */,
				0DE8B7FC242F53C6008B9C4C /* Resources */,
				FF89979F1B1106B705247B71 /* [CP] Embed Pods Frameworks */,
				A8075A882F2B7A0F7C3772EA /* [CP] Copy Pods Resources */,
			);
			buildRules = (
			);
			dependencies = (
			);
			name = MondriaanPlaces;
			productName = MondriaanPlaces;
			productReference = 0DE8B7FE242F53C6008B9C4C /* MondriaanPlaces.app */;
			productType = "com.apple.product-type.application";
		};
		0DE8B813242F53C8008B9C4C /* MondriaanPlacesTests */ = {
			isa = PBXNativeTarget;
			buildConfigurationList = 0DE8B820242F53C8008B9C4C /* Build configuration list for PBXNativeTarget "MondriaanPlacesTests" */;
			buildPhases = (
				0DE8B810242F53C8008B9C4C /* Sources */,
				0DE8B811242F53C8008B9C4C /* Frameworks */,
				0DE8B812242F53C8008B9C4C /* Resources */,
			);
			buildRules = (
			);
			dependencies = (
				0DE8B816242F53C8008B9C4C /* PBXTargetDependency */,
			);
			name = MondriaanPlacesTests;
			productName = MondriaanPlacesTests;
			productReference = 0DE8B814242F53C8008B9C4C /* MondriaanPlacesTests.xctest */;
			productType = "com.apple.product-type.bundle.unit-test";
		};
/* End PBXNativeTarget section */

/* Begin PBXProject section */
		0DE8B7F6242F53C6008B9C4C /* Project object */ = {
			isa = PBXProject;
			attributes = {
				LastSwiftUpdateCheck = 1130;
				LastUpgradeCheck = 1130;
				ORGANIZATIONNAME = "Benedek Varga";
				TargetAttributes = {
					0DE8B7FD242F53C6008B9C4C = {
						CreatedOnToolsVersion = 11.3.1;
					};
					0DE8B813242F53C8008B9C4C = {
						CreatedOnToolsVersion = 11.3.1;
						TestTargetID = 0DE8B7FD242F53C6008B9C4C;
					};
				};
			};
			buildConfigurationList = 0DE8B7F9242F53C6008B9C4C /* Build configuration list for PBXProject "MondriaanPlaces" */;
			compatibilityVersion = "Xcode 9.3";
			developmentRegion = en;
			hasScannedForEncodings = 0;
			knownRegions = (
				en,
				Base,
				hu,
			);
			mainGroup = 0DE8B7F5242F53C6008B9C4C;
			productRefGroup = 0DE8B7FF242F53C6008B9C4C /* Products */;
			projectDirPath = "";
			projectRoot = "";
			targets = (
				0DE8B7FD242F53C6008B9C4C /* MondriaanPlaces */,
				0DE8B813242F53C8008B9C4C /* MondriaanPlacesTests */,
			);
		};
/* End PBXProject section */

/* Begin PBXResourcesBuildPhase section */
		0DE8B7FC242F53C6008B9C4C /* Resources */ = {
			isa = PBXResourcesBuildPhase;
			buildActionMask = 2147483647;
			files = (
				0D3AC2C92431F02A00853AD8 /* Objektiv-Mk2-W03-Bold.ttf in Resources */,
				0DE8B80E242F53C7008B9C4C /* LaunchScreen.storyboard in Resources */,
				0D05F68A243009B80059EA52 /* Localized.strings in Resources */,
				0D3AC2CA2431F02E00853AD8 /* Objektiv-Mk2-W03-Regular.ttf in Resources */,
				0DE8B80B242F53C7008B9C4C /* Assets.xcassets in Resources */,
			);
			runOnlyForDeploymentPostprocessing = 0;
		};
		0DE8B812242F53C8008B9C4C /* Resources */ = {
			isa = PBXResourcesBuildPhase;
			buildActionMask = 2147483647;
			files = (
			);
			runOnlyForDeploymentPostprocessing = 0;
		};
/* End PBXResourcesBuildPhase section */

/* Begin PBXShellScriptBuildPhase section */
		0DE8B826242F54CC008B9C4C /* Linter */ = {
			isa = PBXShellScriptBuildPhase;
			buildActionMask = 2147483647;
			files = (
			);
			inputFileListPaths = (
			);
			inputPaths = (
			);
			name = Linter;
			outputFileListPaths = (
			);
			outputPaths = (
			);
			runOnlyForDeploymentPostprocessing = 0;
			shellPath = /bin/sh;
			shellScript = "if which swiftlint >/dev/null; then\n  swiftlint\nelse\n  echo \"warning: SwiftLint not installed, download from https://github.com/realm/SwiftLint\"\nfi\n";
		};
		7DF77C841EF7611E8056D7EA /* [CP] Check Pods Manifest.lock */ = {
			isa = PBXShellScriptBuildPhase;
			buildActionMask = 2147483647;
			files = (
			);
			inputFileListPaths = (
			);
			inputPaths = (
				"${PODS_PODFILE_DIR_PATH}/Podfile.lock",
				"${PODS_ROOT}/Manifest.lock",
			);
			name = "[CP] Check Pods Manifest.lock";
			outputFileListPaths = (
			);
			outputPaths = (
				"$(DERIVED_FILE_DIR)/Pods-MondriaanPlaces-checkManifestLockResult.txt",
			);
			runOnlyForDeploymentPostprocessing = 0;
			shellPath = /bin/sh;
			shellScript = "diff \"${PODS_PODFILE_DIR_PATH}/Podfile.lock\" \"${PODS_ROOT}/Manifest.lock\" > /dev/null\nif [ $? != 0 ] ; then\n    # print error to STDERR\n    echo \"error: The sandbox is not in sync with the Podfile.lock. Run 'pod install' or update your CocoaPods installation.\" >&2\n    exit 1\nfi\n# This output is used by Xcode 'outputs' to avoid re-running this script phase.\necho \"SUCCESS\" > \"${SCRIPT_OUTPUT_FILE_0}\"\n";
			showEnvVarsInLog = 0;
		};
		A8075A882F2B7A0F7C3772EA /* [CP] Copy Pods Resources */ = {
			isa = PBXShellScriptBuildPhase;
			buildActionMask = 2147483647;
			files = (
			);
			inputFileListPaths = (
				"${PODS_ROOT}/Target Support Files/Pods-MondriaanPlaces/Pods-MondriaanPlaces-resources-${CONFIGURATION}-input-files.xcfilelist",
			);
			name = "[CP] Copy Pods Resources";
			outputFileListPaths = (
				"${PODS_ROOT}/Target Support Files/Pods-MondriaanPlaces/Pods-MondriaanPlaces-resources-${CONFIGURATION}-output-files.xcfilelist",
			);
			runOnlyForDeploymentPostprocessing = 0;
			shellPath = /bin/sh;
			shellScript = "\"${PODS_ROOT}/Target Support Files/Pods-MondriaanPlaces/Pods-MondriaanPlaces-resources.sh\"\n";
			showEnvVarsInLog = 0;
		};
		FF89979F1B1106B705247B71 /* [CP] Embed Pods Frameworks */ = {
			isa = PBXShellScriptBuildPhase;
			buildActionMask = 2147483647;
			files = (
			);
			inputFileListPaths = (
				"${PODS_ROOT}/Target Support Files/Pods-MondriaanPlaces/Pods-MondriaanPlaces-frameworks-${CONFIGURATION}-input-files.xcfilelist",
			);
			name = "[CP] Embed Pods Frameworks";
			outputFileListPaths = (
				"${PODS_ROOT}/Target Support Files/Pods-MondriaanPlaces/Pods-MondriaanPlaces-frameworks-${CONFIGURATION}-output-files.xcfilelist",
			);
			runOnlyForDeploymentPostprocessing = 0;
			shellPath = /bin/sh;
			shellScript = "\"${PODS_ROOT}/Target Support Files/Pods-MondriaanPlaces/Pods-MondriaanPlaces-frameworks.sh\"\n";
			showEnvVarsInLog = 0;
		};
/* End PBXShellScriptBuildPhase section */

/* Begin PBXSourcesBuildPhase section */
		0DE8B7FA242F53C6008B9C4C /* Sources */ = {
			isa = PBXSourcesBuildPhase;
			buildActionMask = 2147483647;
			files = (
				0D2E63F3242FAE1A0070205C /* PlaceListViewController.swift in Sources */,
				0D2E63F1242FAB820070205C /* Place.swift in Sources */,
				0D3AC2C42430ED8900853AD8 /* SectionHeaderInputModel.swift in Sources */,
				0D311846242F663100D81FC7 /* NumberFormatter+Exts.swift in Sources */,
				0D311844242F663100D81FC7 /* UIColor+Exts.swift in Sources */,
				0D3AC2B62430C13300853AD8 /* SectionHeaderViewModelProtocol.swift in Sources */,
				0D3AC2B82430C14B00853AD8 /* SectionHeaderViewModel.swift in Sources */,
				0D3AC2C22430ED5F00853AD8 /* SectionHeaderInputModelProtocol.swift in Sources */,
				0D311843242F663100D81FC7 /* Double+Exts.swift in Sources */,
				0D2E640C242FB60C0070205C /* PlaceDetailsViewControllerProtocol.swift in Sources */,
				0D31183D242F663100D81FC7 /* PrimitiveSequence+Exts.swift in Sources */,
				0D2E6401242FB1140070205C /* PlaceDetailsViewController.swift in Sources */,
				0DE8B802242F53C6008B9C4C /* AppDelegate.swift in Sources */,
				0D2E63F5242FAE310070205C /* PlaceListViewModelProtocol.swift in Sources */,
				0D31183F242F663100D81FC7 /* Reachability+Exts.swift in Sources */,
				0D31184B242F668000D81FC7 /* ReusableView.swift in Sources */,
				0D2E63F7242FAE3B0070205C /* PlaceListViewModel.swift in Sources */,
				0D2E63FA242FAEE30070205C /* PlaceListItemViewModelProtocol.swift in Sources */,
				0D2E6405242FB12A0070205C /* PlaceDetailsViewModel.swift in Sources */,
				0D3AC2BE2430E8D800853AD8 /* RootInputModelProtocol.swift in Sources */,
				0D311841242F663100D81FC7 /* CAGradientLayer+Exts.swift in Sources */,
				0D31183E242F663100D81FC7 /* UIView+Exts.swift in Sources */,
				0D311855242F66E500D81FC7 /* RootViewModelProtocol.swift in Sources */,
				0D05F682242FF6B30059EA52 /* RootCollectionViewCell.swift in Sources */,
				0D311856242F66E500D81FC7 /* RootViewController.swift in Sources */,
				0D311852242F66E500D81FC7 /* RootTableViewCell.swift in Sources */,
				0D2E63FE242FAF0D0070205C /* PlaceListItemCollectionViewCell.swift in Sources */,
				0D311842242F663100D81FC7 /* Int+Exts.swift in Sources */,
				0D311845242F663100D81FC7 /* CGFloat+Exts.swift in Sources */,
				0DE8B804242F53C6008B9C4C /* SceneDelegate.swift in Sources */,
				0D2E63DA242FA6370070205C /* NetworkError.swift in Sources */,
				0D3AC2C62430F48100853AD8 /* PlaceListItemInputModel.swift in Sources */,
				0D3AC2BA2430C1B400853AD8 /* SectionHeaderView.swift in Sources */,
				0D2E63ED242FA9200070205C /* AppFonts.swift in Sources */,
				0D2E6403242FB1210070205C /* PlaceDetailsViewModelProtocol.swift in Sources */,
				0D31184A242F668000D81FC7 /* Logger.swift in Sources */,
				0D2E63FC242FAEF20070205C /* PlaceListItemViewModel.swift in Sources */,
				0D311831242F657E00D81FC7 /* AppColors.swift in Sources */,
				0D311853242F66E500D81FC7 /* RootViewControllerProtocol.swift in Sources */,
				0D3AC2C82430F49000853AD8 /* PlaceListItemInputModelProtocol.swift in Sources */,
				0D2E640A242FB5AD0070205C /* PlaceListViewControllerProtocol.swift in Sources */,
				0D311854242F66E500D81FC7 /* RootViewModel.swift in Sources */,
				0D311840242F663100D81FC7 /* String+Exts.swift in Sources */,
				0D2E6408242FB2810070205C /* DependencyInjection.swift in Sources */,
			);
			runOnlyForDeploymentPostprocessing = 0;
		};
		0DE8B810242F53C8008B9C4C /* Sources */ = {
			isa = PBXSourcesBuildPhase;
			buildActionMask = 2147483647;
			files = (
				0DE8B819242F53C8008B9C4C /* MondriaanPlacesTests.swift in Sources */,
			);
			runOnlyForDeploymentPostprocessing = 0;
		};
/* End PBXSourcesBuildPhase section */

/* Begin PBXTargetDependency section */
		0DE8B816242F53C8008B9C4C /* PBXTargetDependency */ = {
			isa = PBXTargetDependency;
			target = 0DE8B7FD242F53C6008B9C4C /* MondriaanPlaces */;
			targetProxy = 0DE8B815242F53C8008B9C4C /* PBXContainerItemProxy */;
		};
/* End PBXTargetDependency section */

/* Begin PBXVariantGroup section */
		0D05F68C243009B80059EA52 /* Localized.strings */ = {
			isa = PBXVariantGroup;
			children = (
				0D05F68B243009B80059EA52 /* en */,
				0D05F68D243009BB0059EA52 /* hu */,
			);
			name = Localized.strings;
			sourceTree = "<group>";
		};
		0DE8B80C242F53C7008B9C4C /* LaunchScreen.storyboard */ = {
			isa = PBXVariantGroup;
			children = (
				0DE8B80D242F53C7008B9C4C /* Base */,
				0DAD0CC9242F5C7F001F76D3 /* hu */,
			);
			name = LaunchScreen.storyboard;
			sourceTree = "<group>";
		};
/* End PBXVariantGroup section */

/* Begin XCBuildConfiguration section */
		0DAD0CCA242F5FD7001F76D3 /* Hungarian */ = {
			isa = XCBuildConfiguration;
			buildSettings = {
				ALWAYS_SEARCH_USER_PATHS = NO;
				CLANG_ANALYZER_LOCALIZABILITY_NONLOCALIZED = YES;
				CLANG_ANALYZER_NONNULL = YES;
				CLANG_ANALYZER_NUMBER_OBJECT_CONVERSION = YES_AGGRESSIVE;
				CLANG_CXX_LANGUAGE_STANDARD = "gnu++14";
				CLANG_CXX_LIBRARY = "libc++";
				CLANG_ENABLE_MODULES = YES;
				CLANG_ENABLE_OBJC_ARC = YES;
				CLANG_ENABLE_OBJC_WEAK = YES;
				CLANG_WARN_BLOCK_CAPTURE_AUTORELEASING = YES;
				CLANG_WARN_BOOL_CONVERSION = YES;
				CLANG_WARN_COMMA = YES;
				CLANG_WARN_CONSTANT_CONVERSION = YES;
				CLANG_WARN_DEPRECATED_OBJC_IMPLEMENTATIONS = YES;
				CLANG_WARN_DIRECT_OBJC_ISA_USAGE = YES_ERROR;
				CLANG_WARN_DOCUMENTATION_COMMENTS = YES;
				CLANG_WARN_EMPTY_BODY = YES;
				CLANG_WARN_ENUM_CONVERSION = YES;
				CLANG_WARN_INFINITE_RECURSION = YES;
				CLANG_WARN_INT_CONVERSION = YES;
				CLANG_WARN_NON_LITERAL_NULL_CONVERSION = YES;
				CLANG_WARN_OBJC_IMPLICIT_RETAIN_SELF = YES;
				CLANG_WARN_OBJC_LITERAL_CONVERSION = YES;
				CLANG_WARN_OBJC_ROOT_CLASS = YES_ERROR;
				CLANG_WARN_RANGE_LOOP_ANALYSIS = YES;
				CLANG_WARN_STRICT_PROTOTYPES = YES;
				CLANG_WARN_SUSPICIOUS_MOVE = YES;
				CLANG_WARN_UNGUARDED_AVAILABILITY = YES_AGGRESSIVE;
				CLANG_WARN_UNREACHABLE_CODE = YES;
				CLANG_WARN__DUPLICATE_METHOD_MATCH = YES;
				COPY_PHASE_STRIP = NO;
				DEBUG_INFORMATION_FORMAT = "dwarf-with-dsym";
				ENABLE_NS_ASSERTIONS = NO;
				ENABLE_STRICT_OBJC_MSGSEND = YES;
				GCC_C_LANGUAGE_STANDARD = gnu11;
				GCC_NO_COMMON_BLOCKS = YES;
				GCC_WARN_64_TO_32_BIT_CONVERSION = YES;
				GCC_WARN_ABOUT_RETURN_TYPE = YES_ERROR;
				GCC_WARN_UNDECLARED_SELECTOR = YES;
				GCC_WARN_UNINITIALIZED_AUTOS = YES_AGGRESSIVE;
				GCC_WARN_UNUSED_FUNCTION = YES;
				GCC_WARN_UNUSED_VARIABLE = YES;
				IPHONEOS_DEPLOYMENT_TARGET = 12.0;
				MTL_ENABLE_DEBUG_INFO = NO;
				MTL_FAST_MATH = YES;
				SDKROOT = iphoneos;
				SWIFT_COMPILATION_MODE = wholemodule;
				SWIFT_OPTIMIZATION_LEVEL = "-O";
				VALIDATE_PRODUCT = YES;
			};
			name = Hungarian;
		};
		0DAD0CCB242F5FD7001F76D3 /* Hungarian */ = {
			isa = XCBuildConfiguration;
			baseConfigurationReference = 92D39E38E772220A0058831B /* Pods-MondriaanPlaces.hungarian.xcconfig */;
			buildSettings = {
				ASSETCATALOG_COMPILER_APPICON_NAME = AppIcon;
				CODE_SIGN_STYLE = Automatic;
				DEVELOPMENT_TEAM = Q6H3BX95WZ;
				INFOPLIST_FILE = MondriaanPlaces/Info.plist;
				IPHONEOS_DEPLOYMENT_TARGET = 12.0;
				LD_RUNPATH_SEARCH_PATHS = (
					"$(inherited)",
					"@executable_path/Frameworks",
				);
				PRODUCT_BUNDLE_IDENTIFIER = com.benedekvarga.MondriaanPlaces.Hungarian;
				PRODUCT_NAME = "MDC helyek";
				SWIFT_VERSION = 5.0;
				TARGETED_DEVICE_FAMILY = 1;
			};
			name = Hungarian;
		};
		0DAD0CCC242F5FD7001F76D3 /* Hungarian */ = {
			isa = XCBuildConfiguration;
			buildSettings = {
				ALWAYS_EMBED_SWIFT_STANDARD_LIBRARIES = YES;
				BUNDLE_LOADER = "$(TEST_HOST)";
				CODE_SIGN_STYLE = Automatic;
				DEVELOPMENT_TEAM = Q6H3BX95WZ;
				INFOPLIST_FILE = MondriaanPlacesTests/Info.plist;
				IPHONEOS_DEPLOYMENT_TARGET = 13.2;
				LD_RUNPATH_SEARCH_PATHS = (
					"$(inherited)",
					"@executable_path/Frameworks",
					"@loader_path/Frameworks",
				);
				PRODUCT_BUNDLE_IDENTIFIER = com.benedekvarga.MondriaanPlacesTests;
				PRODUCT_NAME = "$(TARGET_NAME)";
				SWIFT_VERSION = 5.0;
				TARGETED_DEVICE_FAMILY = "1,2";
				TEST_HOST = "$(BUILT_PRODUCTS_DIR)/MondriaanPlaces.app/MondriaanPlaces";
			};
			name = Hungarian;
		};
		0DE8B81B242F53C8008B9C4C /* Dev */ = {
			isa = XCBuildConfiguration;
			buildSettings = {
				ALWAYS_SEARCH_USER_PATHS = NO;
				CLANG_ANALYZER_LOCALIZABILITY_NONLOCALIZED = YES;
				CLANG_ANALYZER_NONNULL = YES;
				CLANG_ANALYZER_NUMBER_OBJECT_CONVERSION = YES_AGGRESSIVE;
				CLANG_CXX_LANGUAGE_STANDARD = "gnu++14";
				CLANG_CXX_LIBRARY = "libc++";
				CLANG_ENABLE_MODULES = YES;
				CLANG_ENABLE_OBJC_ARC = YES;
				CLANG_ENABLE_OBJC_WEAK = YES;
				CLANG_WARN_BLOCK_CAPTURE_AUTORELEASING = YES;
				CLANG_WARN_BOOL_CONVERSION = YES;
				CLANG_WARN_COMMA = YES;
				CLANG_WARN_CONSTANT_CONVERSION = YES;
				CLANG_WARN_DEPRECATED_OBJC_IMPLEMENTATIONS = YES;
				CLANG_WARN_DIRECT_OBJC_ISA_USAGE = YES_ERROR;
				CLANG_WARN_DOCUMENTATION_COMMENTS = YES;
				CLANG_WARN_EMPTY_BODY = YES;
				CLANG_WARN_ENUM_CONVERSION = YES;
				CLANG_WARN_INFINITE_RECURSION = YES;
				CLANG_WARN_INT_CONVERSION = YES;
				CLANG_WARN_NON_LITERAL_NULL_CONVERSION = YES;
				CLANG_WARN_OBJC_IMPLICIT_RETAIN_SELF = YES;
				CLANG_WARN_OBJC_LITERAL_CONVERSION = YES;
				CLANG_WARN_OBJC_ROOT_CLASS = YES_ERROR;
				CLANG_WARN_RANGE_LOOP_ANALYSIS = YES;
				CLANG_WARN_STRICT_PROTOTYPES = YES;
				CLANG_WARN_SUSPICIOUS_MOVE = YES;
				CLANG_WARN_UNGUARDED_AVAILABILITY = YES_AGGRESSIVE;
				CLANG_WARN_UNREACHABLE_CODE = YES;
				CLANG_WARN__DUPLICATE_METHOD_MATCH = YES;
				COPY_PHASE_STRIP = NO;
				DEBUG_INFORMATION_FORMAT = dwarf;
				ENABLE_STRICT_OBJC_MSGSEND = YES;
				ENABLE_TESTABILITY = YES;
				GCC_C_LANGUAGE_STANDARD = gnu11;
				GCC_DYNAMIC_NO_PIC = NO;
				GCC_NO_COMMON_BLOCKS = YES;
				GCC_OPTIMIZATION_LEVEL = 0;
				GCC_PREPROCESSOR_DEFINITIONS = (
					"DEBUG=1",
					"$(inherited)",
				);
				GCC_WARN_64_TO_32_BIT_CONVERSION = YES;
				GCC_WARN_ABOUT_RETURN_TYPE = YES_ERROR;
				GCC_WARN_UNDECLARED_SELECTOR = YES;
				GCC_WARN_UNINITIALIZED_AUTOS = YES_AGGRESSIVE;
				GCC_WARN_UNUSED_FUNCTION = YES;
				GCC_WARN_UNUSED_VARIABLE = YES;
				IPHONEOS_DEPLOYMENT_TARGET = 12.0;
				MTL_ENABLE_DEBUG_INFO = INCLUDE_SOURCE;
				MTL_FAST_MATH = YES;
				ONLY_ACTIVE_ARCH = YES;
				SDKROOT = iphoneos;
				SWIFT_ACTIVE_COMPILATION_CONDITIONS = DEBUG;
				SWIFT_OPTIMIZATION_LEVEL = "-Onone";
			};
			name = Dev;
		};
		0DE8B81C242F53C8008B9C4C /* English */ = {
			isa = XCBuildConfiguration;
			buildSettings = {
				ALWAYS_SEARCH_USER_PATHS = NO;
				CLANG_ANALYZER_LOCALIZABILITY_NONLOCALIZED = YES;
				CLANG_ANALYZER_NONNULL = YES;
				CLANG_ANALYZER_NUMBER_OBJECT_CONVERSION = YES_AGGRESSIVE;
				CLANG_CXX_LANGUAGE_STANDARD = "gnu++14";
				CLANG_CXX_LIBRARY = "libc++";
				CLANG_ENABLE_MODULES = YES;
				CLANG_ENABLE_OBJC_ARC = YES;
				CLANG_ENABLE_OBJC_WEAK = YES;
				CLANG_WARN_BLOCK_CAPTURE_AUTORELEASING = YES;
				CLANG_WARN_BOOL_CONVERSION = YES;
				CLANG_WARN_COMMA = YES;
				CLANG_WARN_CONSTANT_CONVERSION = YES;
				CLANG_WARN_DEPRECATED_OBJC_IMPLEMENTATIONS = YES;
				CLANG_WARN_DIRECT_OBJC_ISA_USAGE = YES_ERROR;
				CLANG_WARN_DOCUMENTATION_COMMENTS = YES;
				CLANG_WARN_EMPTY_BODY = YES;
				CLANG_WARN_ENUM_CONVERSION = YES;
				CLANG_WARN_INFINITE_RECURSION = YES;
				CLANG_WARN_INT_CONVERSION = YES;
				CLANG_WARN_NON_LITERAL_NULL_CONVERSION = YES;
				CLANG_WARN_OBJC_IMPLICIT_RETAIN_SELF = YES;
				CLANG_WARN_OBJC_LITERAL_CONVERSION = YES;
				CLANG_WARN_OBJC_ROOT_CLASS = YES_ERROR;
				CLANG_WARN_RANGE_LOOP_ANALYSIS = YES;
				CLANG_WARN_STRICT_PROTOTYPES = YES;
				CLANG_WARN_SUSPICIOUS_MOVE = YES;
				CLANG_WARN_UNGUARDED_AVAILABILITY = YES_AGGRESSIVE;
				CLANG_WARN_UNREACHABLE_CODE = YES;
				CLANG_WARN__DUPLICATE_METHOD_MATCH = YES;
				COPY_PHASE_STRIP = NO;
				DEBUG_INFORMATION_FORMAT = "dwarf-with-dsym";
				ENABLE_NS_ASSERTIONS = NO;
				ENABLE_STRICT_OBJC_MSGSEND = YES;
				GCC_C_LANGUAGE_STANDARD = gnu11;
				GCC_NO_COMMON_BLOCKS = YES;
				GCC_WARN_64_TO_32_BIT_CONVERSION = YES;
				GCC_WARN_ABOUT_RETURN_TYPE = YES_ERROR;
				GCC_WARN_UNDECLARED_SELECTOR = YES;
				GCC_WARN_UNINITIALIZED_AUTOS = YES_AGGRESSIVE;
				GCC_WARN_UNUSED_FUNCTION = YES;
				GCC_WARN_UNUSED_VARIABLE = YES;
				IPHONEOS_DEPLOYMENT_TARGET = 12.0;
				MTL_ENABLE_DEBUG_INFO = NO;
				MTL_FAST_MATH = YES;
				SDKROOT = iphoneos;
				SWIFT_COMPILATION_MODE = wholemodule;
				SWIFT_OPTIMIZATION_LEVEL = "-O";
				VALIDATE_PRODUCT = YES;
			};
			name = English;
		};
		0DE8B81E242F53C8008B9C4C /* Dev */ = {
			isa = XCBuildConfiguration;
			baseConfigurationReference = 5C9582ED666BF8F626A9D5A4 /* Pods-MondriaanPlaces.dev.xcconfig */;
			buildSettings = {
				ASSETCATALOG_COMPILER_APPICON_NAME = AppIcon;
				CODE_SIGN_STYLE = Automatic;
				DEVELOPMENT_TEAM = Q6H3BX95WZ;
				INFOPLIST_FILE = MondriaanPlaces/Info.plist;
				IPHONEOS_DEPLOYMENT_TARGET = 12.0;
				LD_RUNPATH_SEARCH_PATHS = (
					"$(inherited)",
					"@executable_path/Frameworks",
				);
				PRODUCT_BUNDLE_IDENTIFIER = com.benedekvarga.MondriaanPlaces.Dev;
				PRODUCT_NAME = MondriaanPlaces;
				SWIFT_VERSION = 5.0;
				TARGETED_DEVICE_FAMILY = 1;
			};
			name = Dev;
		};
		0DE8B81F242F53C8008B9C4C /* English */ = {
			isa = XCBuildConfiguration;
			baseConfigurationReference = C4D791D2E254A302536E40C7 /* Pods-MondriaanPlaces.english.xcconfig */;
			buildSettings = {
				ASSETCATALOG_COMPILER_APPICON_NAME = AppIcon;
				CODE_SIGN_STYLE = Automatic;
				DEVELOPMENT_TEAM = Q6H3BX95WZ;
				INFOPLIST_FILE = MondriaanPlaces/Info.plist;
				IPHONEOS_DEPLOYMENT_TARGET = 12.0;
				LD_RUNPATH_SEARCH_PATHS = (
					"$(inherited)",
					"@executable_path/Frameworks",
				);
				PRODUCT_BUNDLE_IDENTIFIER = com.benedekvarga.MondriaanPlaces.English;
				PRODUCT_NAME = "MDC POIs";
				SWIFT_VERSION = 5.0;
				TARGETED_DEVICE_FAMILY = 1;
			};
			name = English;
		};
		0DE8B821242F53C8008B9C4C /* Dev */ = {
			isa = XCBuildConfiguration;
			buildSettings = {
				ALWAYS_EMBED_SWIFT_STANDARD_LIBRARIES = YES;
				BUNDLE_LOADER = "$(TEST_HOST)";
				CODE_SIGN_STYLE = Automatic;
				DEVELOPMENT_TEAM = Q6H3BX95WZ;
				INFOPLIST_FILE = MondriaanPlacesTests/Info.plist;
				IPHONEOS_DEPLOYMENT_TARGET = 13.2;
				LD_RUNPATH_SEARCH_PATHS = (
					"$(inherited)",
					"@executable_path/Frameworks",
					"@loader_path/Frameworks",
				);
				PRODUCT_BUNDLE_IDENTIFIER = com.benedekvarga.MondriaanPlacesTests;
				PRODUCT_NAME = "$(TARGET_NAME)";
				SWIFT_VERSION = 5.0;
				TARGETED_DEVICE_FAMILY = "1,2";
				TEST_HOST = "$(BUILT_PRODUCTS_DIR)/MondriaanPlaces.app/MondriaanPlaces";
			};
			name = Dev;
		};
		0DE8B822242F53C8008B9C4C /* English */ = {
			isa = XCBuildConfiguration;
			buildSettings = {
				ALWAYS_EMBED_SWIFT_STANDARD_LIBRARIES = YES;
				BUNDLE_LOADER = "$(TEST_HOST)";
				CODE_SIGN_STYLE = Automatic;
				DEVELOPMENT_TEAM = Q6H3BX95WZ;
				INFOPLIST_FILE = MondriaanPlacesTests/Info.plist;
				IPHONEOS_DEPLOYMENT_TARGET = 13.2;
				LD_RUNPATH_SEARCH_PATHS = (
					"$(inherited)",
					"@executable_path/Frameworks",
					"@loader_path/Frameworks",
				);
				PRODUCT_BUNDLE_IDENTIFIER = com.benedekvarga.MondriaanPlacesTests;
				PRODUCT_NAME = "$(TARGET_NAME)";
				SWIFT_VERSION = 5.0;
				TARGETED_DEVICE_FAMILY = "1,2";
				TEST_HOST = "$(BUILT_PRODUCTS_DIR)/MondriaanPlaces.app/MondriaanPlaces";
			};
			name = English;
		};
/* End XCBuildConfiguration section */

/* Begin XCConfigurationList section */
		0DE8B7F9242F53C6008B9C4C /* Build configuration list for PBXProject "MondriaanPlaces" */ = {
			isa = XCConfigurationList;
			buildConfigurations = (
				0DE8B81B242F53C8008B9C4C /* Dev */,
				0DE8B81C242F53C8008B9C4C /* English */,
				0DAD0CCA242F5FD7001F76D3 /* Hungarian */,
			);
			defaultConfigurationIsVisible = 0;
			defaultConfigurationName = Dev;
		};
		0DE8B81D242F53C8008B9C4C /* Build configuration list for PBXNativeTarget "MondriaanPlaces" */ = {
			isa = XCConfigurationList;
			buildConfigurations = (
				0DE8B81E242F53C8008B9C4C /* Dev */,
				0DE8B81F242F53C8008B9C4C /* English */,
				0DAD0CCB242F5FD7001F76D3 /* Hungarian */,
			);
			defaultConfigurationIsVisible = 0;
			defaultConfigurationName = Dev;
		};
		0DE8B820242F53C8008B9C4C /* Build configuration list for PBXNativeTarget "MondriaanPlacesTests" */ = {
			isa = XCConfigurationList;
			buildConfigurations = (
				0DE8B821242F53C8008B9C4C /* Dev */,
				0DE8B822242F53C8008B9C4C /* English */,
				0DAD0CCC242F5FD7001F76D3 /* Hungarian */,
			);
			defaultConfigurationIsVisible = 0;
			defaultConfigurationName = Dev;
		};
/* End XCConfigurationList section */
	};
	rootObject = 0DE8B7F6242F53C6008B9C4C /* Project object */;
}
